
Microsoft Visual Studio Solution File, Format Version 12.00
Project("{2150E333-8FDC-42A3-9474-1A3956D46DE8}") = "src", "src", "{E4E814E8-80DE-4842-B344-8A8375D21C51}"
EndProject
Project("{2150E333-8FDC-42A3-9474-1A3956D46DE8}") = "tests", "tests", "{08A9EA29-17CC-4FAE-A4A5-EDBDD7BACD8D}"
EndProject
Project("{2150E333-8FDC-42A3-9474-1A3956D46DE8}") = "docs", "docs", "{16015CC5-1959-4336-A1AC-F59A82F5FD31}"
EndProject
Project("{2150E333-8FDC-42A3-9474-1A3956D46DE8}") = "api", "api", "{DF4F8BBB-FBE2-420B-BA8B-CAAC9B4D6A0F}"
EndProject
Project("{2150E333-8FDC-42A3-9474-1A3956D46DE8}") = "domain", "domain", "{CC72065D-5577-4D4E-AC66-5648BD7F3C7C}"
EndProject
Project("{2150E333-8FDC-42A3-9474-1A3956D46DE8}") = "infrastructure", "infrastructure", "{72736E90-76E9-4B31-A328-3C58E3A51F46}"
EndProject
Project("{2150E333-8FDC-42A3-9474-1A3956D46DE8}") = "application", "application", "{2832243B-10CA-4EFE-BD1E-793D24DCE6BB}"
EndProject
Project("{FAE04EC0-301F-11D3-BF4B-00C04F79EFBC}") = "TaheriShop.WebApi", "src\api\TaheriShop.WebApi\TaheriShop.WebApi.csproj", "{D86C30F7-93E9-42E5-82DF-D4E15E2C2EF4}"
EndProject
Project("{FAE04EC0-301F-11D3-BF4B-00C04F79EFBC}") = "TaheriShop.Application.Contract", "src\application\TaheriShop.Application.Contract\TaheriShop.Application.Contract.csproj", "{14F529FA-C083-45A6-9E97-DF8A60EDF1BD}"
EndProject
Project("{FAE04EC0-301F-11D3-BF4B-00C04F79EFBC}") = "TaheriShop.Application", "src\application\TaheriShop.Application\TaheriShop.Application.csproj", "{09F5EA14-576B-49A4-873F-4AFFBED619C1}"
EndProject
Project("{FAE04EC0-301F-11D3-BF4B-00C04F79EFBC}") = "TaheriShop.Domain.Contract", "src\domain\TaheriShop.Domain.Contract\TaheriShop.Domain.Contract.csproj", "{3E4CFC07-C480-47FA-AC6A-B9247735A3B9}"
EndProject
Project("{FAE04EC0-301F-11D3-BF4B-00C04F79EFBC}") = "TaheriShop.Domain", "src\domain\TaheriShop.Domain\TaheriShop.Domain.csproj", "{EF18727E-FD07-46D8-BB9E-4DA345B4B702}"
EndProject
Project("{FAE04EC0-301F-11D3-BF4B-00C04F79EFBC}") = "TaheriShop.Persistence.EF", "src\infrastructure\TaheriShop.Persistence.EF\TaheriShop.Persistence.EF.csproj", "{623FC76C-FCC2-4D12-9DAC-F417DFFC51B3}"
EndProject
Project("{2150E333-8FDC-42A3-9474-1A3956D46DE8}") = "unit", "unit", "{362A1842-D4B0-401C-B90A-22B042B9335D}"
EndProject
Project("{2150E333-8FDC-42A3-9474-1A3956D46DE8}") = "integration", "integration", "{F80D802A-7FCB-4C8A-B196-500804733BFC}"
EndProject
Project("{2150E333-8FDC-42A3-9474-1A3956D46DE8}") = "specs", "specs", "{63BE9B6D-B622-4BE2-8FF7-7A91E1A16BDB}"
EndProject
Project("{FAE04EC0-301F-11D3-BF4B-00C04F79EFBC}") = "TaheriShop.Domain.UnitTests", "tests\TaheriShop.Domain.UnitTests\TaheriShop.Domain.UnitTests.csproj", "{F7696614-CDEC-43A9-91D9-DF5973BC13DD}"
EndProject
Project("{2150E333-8FDC-42A3-9474-1A3956D46DE8}") = "00-framework", "00-framework", "{AA414BA5-E28E-435F-BE2E-862FB9587225}"
EndProject
Project("{FAE04EC0-301F-11D3-BF4B-00C04F79EFBC}") = "TaheriShop.Framework.Core.Abstractions", "src\00-framework\TaheriShop.Framework.Core.Abstractions\TaheriShop.Framework.Core.Abstractions.csproj", "{5C3599D1-6BDE-4B79-94DA-BD2D3D94860D}"
EndProject
Project("{FAE04EC0-301F-11D3-BF4B-00C04F79EFBC}") = "TaheriShop.Framework.Core", "src\00-framework\TaheriShop.Framework.Core\TaheriShop.Framework.Core.csproj", "{53E36A86-A0D9-42DE-BDC7-5329BB97D320}"
EndProject
Global
	GlobalSection(SolutionConfigurationPlatforms) = preSolution
		Debug|Any CPU = Debug|Any CPU
		Release|Any CPU = Release|Any CPU
	EndGlobalSection
	GlobalSection(ProjectConfigurationPlatforms) = postSolution
		{D86C30F7-93E9-42E5-82DF-D4E15E2C2EF4}.Debug|Any CPU.ActiveCfg = Debug|Any CPU
		{D86C30F7-93E9-42E5-82DF-D4E15E2C2EF4}.Debug|Any CPU.Build.0 = Debug|Any CPU
		{D86C30F7-93E9-42E5-82DF-D4E15E2C2EF4}.Release|Any CPU.ActiveCfg = Release|Any CPU
		{D86C30F7-93E9-42E5-82DF-D4E15E2C2EF4}.Release|Any CPU.Build.0 = Release|Any CPU
		{14F529FA-C083-45A6-9E97-DF8A60EDF1BD}.Debug|Any CPU.ActiveCfg = Debug|Any CPU
		{14F529FA-C083-45A6-9E97-DF8A60EDF1BD}.Debug|Any CPU.Build.0 = Debug|Any CPU
		{14F529FA-C083-45A6-9E97-DF8A60EDF1BD}.Release|Any CPU.ActiveCfg = Release|Any CPU
		{14F529FA-C083-45A6-9E97-DF8A60EDF1BD}.Release|Any CPU.Build.0 = Release|Any CPU
		{09F5EA14-576B-49A4-873F-4AFFBED619C1}.Debug|Any CPU.ActiveCfg = Debug|Any CPU
		{09F5EA14-576B-49A4-873F-4AFFBED619C1}.Debug|Any CPU.Build.0 = Debug|Any CPU
		{09F5EA14-576B-49A4-873F-4AFFBED619C1}.Release|Any CPU.ActiveCfg = Release|Any CPU
		{09F5EA14-576B-49A4-873F-4AFFBED619C1}.Release|Any CPU.Build.0 = Release|Any CPU
		{3E4CFC07-C480-47FA-AC6A-B9247735A3B9}.Debug|Any CPU.ActiveCfg = Debug|Any CPU
		{3E4CFC07-C480-47FA-AC6A-B9247735A3B9}.Debug|Any CPU.Build.0 = Debug|Any CPU
		{3E4CFC07-C480-47FA-AC6A-B9247735A3B9}.Release|Any CPU.ActiveCfg = Release|Any CPU
		{3E4CFC07-C480-47FA-AC6A-B9247735A3B9}.Release|Any CPU.Build.0 = Release|Any CPU
		{EF18727E-FD07-46D8-BB9E-4DA345B4B702}.Debug|Any CPU.ActiveCfg = Debug|Any CPU
		{EF18727E-FD07-46D8-BB9E-4DA345B4B702}.Debug|Any CPU.Build.0 = Debug|Any CPU
		{EF18727E-FD07-46D8-BB9E-4DA345B4B702}.Release|Any CPU.ActiveCfg = Release|Any CPU
		{EF18727E-FD07-46D8-BB9E-4DA345B4B702}.Release|Any CPU.Build.0 = Release|Any CPU
		{623FC76C-FCC2-4D12-9DAC-F417DFFC51B3}.Debug|Any CPU.ActiveCfg = Debug|Any CPU
		{623FC76C-FCC2-4D12-9DAC-F417DFFC51B3}.Debug|Any CPU.Build.0 = Debug|Any CPU
		{623FC76C-FCC2-4D12-9DAC-F417DFFC51B3}.Release|Any CPU.ActiveCfg = Release|Any CPU
		{623FC76C-FCC2-4D12-9DAC-F417DFFC51B3}.Release|Any CPU.Build.0 = Release|Any CPU
		{F7696614-CDEC-43A9-91D9-DF5973BC13DD}.Debug|Any CPU.ActiveCfg = Debug|Any CPU
		{F7696614-CDEC-43A9-91D9-DF5973BC13DD}.Debug|Any CPU.Build.0 = Debug|Any CPU
		{F7696614-CDEC-43A9-91D9-DF5973BC13DD}.Release|Any CPU.ActiveCfg = Release|Any CPU
		{F7696614-CDEC-43A9-91D9-DF5973BC13DD}.Release|Any CPU.Build.0 = Release|Any CPU
		{5C3599D1-6BDE-4B79-94DA-BD2D3D94860D}.Debug|Any CPU.ActiveCfg = Debug|Any CPU
		{5C3599D1-6BDE-4B79-94DA-BD2D3D94860D}.Debug|Any CPU.Build.0 = Debug|Any CPU
		{5C3599D1-6BDE-4B79-94DA-BD2D3D94860D}.Release|Any CPU.ActiveCfg = Release|Any CPU
		{5C3599D1-6BDE-4B79-94DA-BD2D3D94860D}.Release|Any CPU.Build.0 = Release|Any CPU
		{53E36A86-A0D9-42DE-BDC7-5329BB97D320}.Debug|Any CPU.ActiveCfg = Debug|Any CPU
		{53E36A86-A0D9-42DE-BDC7-5329BB97D320}.Debug|Any CPU.Build.0 = Debug|Any CPU
		{53E36A86-A0D9-42DE-BDC7-5329BB97D320}.Release|Any CPU.ActiveCfg = Release|Any CPU
		{53E36A86-A0D9-42DE-BDC7-5329BB97D320}.Release|Any CPU.Build.0 = Release|Any CPU
	EndGlobalSection
	GlobalSection(NestedProjects) = preSolution
		{DF4F8BBB-FBE2-420B-BA8B-CAAC9B4D6A0F} = {E4E814E8-80DE-4842-B344-8A8375D21C51}
		{CC72065D-5577-4D4E-AC66-5648BD7F3C7C} = {E4E814E8-80DE-4842-B344-8A8375D21C51}
		{72736E90-76E9-4B31-A328-3C58E3A51F46} = {E4E814E8-80DE-4842-B344-8A8375D21C51}
		{2832243B-10CA-4EFE-BD1E-793D24DCE6BB} = {E4E814E8-80DE-4842-B344-8A8375D21C51}
		{D86C30F7-93E9-42E5-82DF-D4E15E2C2EF4} = {DF4F8BBB-FBE2-420B-BA8B-CAAC9B4D6A0F}
		{14F529FA-C083-45A6-9E97-DF8A60EDF1BD} = {2832243B-10CA-4EFE-BD1E-793D24DCE6BB}
		{09F5EA14-576B-49A4-873F-4AFFBED619C1} = {2832243B-10CA-4EFE-BD1E-793D24DCE6BB}
		{3E4CFC07-C480-47FA-AC6A-B9247735A3B9} = {CC72065D-5577-4D4E-AC66-5648BD7F3C7C}
		{EF18727E-FD07-46D8-BB9E-4DA345B4B702} = {CC72065D-5577-4D4E-AC66-5648BD7F3C7C}
		{623FC76C-FCC2-4D12-9DAC-F417DFFC51B3} = {72736E90-76E9-4B31-A328-3C58E3A51F46}
		{362A1842-D4B0-401C-B90A-22B042B9335D} = {08A9EA29-17CC-4FAE-A4A5-EDBDD7BACD8D}
		{F80D802A-7FCB-4C8A-B196-500804733BFC} = {08A9EA29-17CC-4FAE-A4A5-EDBDD7BACD8D}
		{63BE9B6D-B622-4BE2-8FF7-7A91E1A16BDB} = {08A9EA29-17CC-4FAE-A4A5-EDBDD7BACD8D}
		{F7696614-CDEC-43A9-91D9-DF5973BC13DD} = {362A1842-D4B0-401C-B90A-22B042B9335D}
		{AA414BA5-E28E-435F-BE2E-862FB9587225} = {E4E814E8-80DE-4842-B344-8A8375D21C51}
		{5C3599D1-6BDE-4B79-94DA-BD2D3D94860D} = {AA414BA5-E28E-435F-BE2E-862FB9587225}
		{53E36A86-A0D9-42DE-BDC7-5329BB97D320} = {AA414BA5-E28E-435F-BE2E-862FB9587225}
	EndGlobalSection
EndGlobal
